PODS:
  - FlutterMacOS (1.0.0)
  - zenoh_dart (0.0.1):
    - FlutterMacOS

DEPENDENCIES:
  - FlutterMacOS (from `Flutter/ephemeral`)
  - zenoh_dart (from `Flutter/ephemeral/.symlinks/plugins/zenoh_dart/macos`)

EXTERNAL SOURCES:
  FlutterMacOS:
    :path: Flutter/ephemeral
  zenoh_dart:
    :path: Flutter/ephemeral/.symlinks/plugins/zenoh_dart/macos

SPEC CHECKSUMS:
  FlutterMacOS: d0db08ddef1a9af05a5ec4b724367152bb0500b1
  zenoh_dart: a83647aa9517500158a13fcbfc518f76c91460da

PODFILE CHECKSUM: 54d867c82ac51cbd61b565781b9fada492027009

COCOAPODS: 1.16.2
